
Microsoft Visual Studio Solution File, Format Version 12.00
# Visual Studio Version 16
VisualStudioVersion = 16.0.30907.101
MinimumVisualStudioVersion = 10.0.40219.1
Project("{FAE04EC0-301F-11D3-BF4B-00C04F79EFBC}") = "TC", "TC\TC.csproj", "{2C0630D0-696C-4C8D-B913-6B9D5B699F77}"
EndProject
Project("{FAE04EC0-301F-11D3-BF4B-00C04F79EFBC}") = "TC.Tests", "TC.Tests\TC.Tests.csproj", "{9F8C7312-C8B7-48DB-88CF-F4B086686DD4}"
EndProject
Global
	GlobalSection(SolutionConfigurationPlatforms) = preSolution
		Debug|Any CPU = Debug|Any CPU
		Release|Any CPU = Release|Any CPU
	EndGlobalSection
	GlobalSection(ProjectConfigurationPlatforms) = postSolution
		{2C0630D0-696C-4C8D-B913-6B9D5B699F77}.Debug|Any CPU.ActiveCfg = Debug|Any CPU
		{2C0630D0-696C-4C8D-B913-6B9D5B699F77}.Debug|Any CPU.Build.0 = Debug|Any CPU
		{2C0630D0-696C-4C8D-B913-6B9D5B699F77}.Release|Any CPU.ActiveCfg = Release|Any CPU
		{2C0630D0-696C-4C8D-B913-6B9D5B699F77}.Release|Any CPU.Build.0 = Release|Any CPU
		{9F8C7312-C8B7-48DB-88CF-F4B086686DD4}.Debug|Any CPU.ActiveCfg = Debug|Any CPU
		{9F8C7312-C8B7-48DB-88CF-F4B086686DD4}.Debug|Any CPU.Build.0 = Debug|Any CPU
		{9F8C7312-C8B7-48DB-88CF-F4B086686DD4}.Release|Any CPU.ActiveCfg = Release|Any CPU
		{9F8C7312-C8B7-48DB-88CF-F4B086686DD4}.Release|Any CPU.Build.0 = Release|Any CPU
	EndGlobalSection
	GlobalSection(SolutionProperties) = preSolution
		HideSolutionNode = FALSE
	EndGlobalSection
	GlobalSection(ExtensibilityGlobals) = postSolution
		SolutionGuid = {8C97CBFF-00A7-425E-86A7-FE9042D7F418}
	EndGlobalSection
EndGlobal
